
Microsoft Visual Studio Solution File, Format Version 12.00
# Visual Studio Version 16
VisualStudioVersion = 16.0.30011.22
MinimumVisualStudioVersion = 10.0.40219.1
Project("{FAE04EC0-301F-11D3-BF4B-00C04F79EFBC}") = "BlazorApp1", "BlazorApp1.csproj", "{CC57AA2F-2767-4B1C-B6B1-03A1A4D138F0}"
EndProject
Global
	GlobalSection(SolutionConfigurationPlatforms) = preSolution
		Debug|Any CPU = Debug|Any CPU
		Release|Any CPU = Release|Any CPU
	EndGlobalSection
	GlobalSection(ProjectConfigurationPlatforms) = postSolution
		{CC57AA2F-2767-4B1C-B6B1-03A1A4D138F0}.Debug|Any CPU.ActiveCfg = Debug|Any CPU
		{CC57AA2F-2767-4B1C-B6B1-03A1A4D138F0}.Debug|Any CPU.Build.0 = Debug|Any CPU
		{CC57AA2F-2767-4B1C-B6B1-03A1A4D138F0}.Release|Any CPU.ActiveCfg = Release|Any CPU
		{CC57AA2F-2767-4B1C-B6B1-03A1A4D138F0}.Release|Any CPU.Build.0 = Release|Any CPU
	EndGlobalSection
	GlobalSection(SolutionProperties) = preSolution
		HideSolutionNode = FALSE
	EndGlobalSection
	GlobalSection(ExtensibilityGlobals) = postSolution
		SolutionGuid = {3A37FCFB-F2DF-49AD-9B72-2C80F77E543D}
	EndGlobalSection
EndGlobal
